# THIS IS AN AUTOGENERATED FILE. DO NOT EDIT THIS FILE DIRECTLY.
# yarn lockfile v1


"@types/react-dom@^19.0.3":
  version "19.0.3"
  resolved "https://registry.yarnpkg.com/@types/react-dom/-/react-dom-19.0.3.tgz#0804dfd279a165d5a0ad8b53a5b9e65f338050a4"
  integrity sha512-0Knk+HJiMP/qOZgMyNFamlIjw9OFCsyC2ZbigmEEyXXixgre6IQpm/4V+r3qH4GC1JPvRJKInw+on2rV6YZLeA==

"@types/react@^19.0.8":
  version "19.0.8"
  resolved "https://registry.yarnpkg.com/@types/react/-/react-19.0.8.tgz#7098e6159f2a61e4f4cef2c1223c044a9bec590e"
  integrity sha512-9P/o1IGdfmQxrujGbIMDyYaaCykhLKc0NGCtYcECNUr9UAaDe4gwvV9bR6tvd5Br1SG0j+PBpbKr2UYY8CwqSw==
  dependencies:
    csstype "^3.0.2"

csstype@^3.0.2:
  version "3.1.3"
  resolved "https://registry.yarnpkg.com/csstype/-/csstype-3.1.3.tgz#d80ff294d114fb0e6ac500fbf85b60137d7eff81"
  integrity sha512-M1uQkMl8rQK/szD0LNhtqxIPLpimGm8sOBwU7lLnCpSbTyY3yeU1Vc7l4KT5zT4s/yOxHH5O7tIuuLOCnLADRw==

dom@^0.0.3:
  version "0.0.3"
  resolved "https://registry.yarnpkg.com/dom/-/dom-0.0.3.tgz#16e0c225a0553d8e4362cc4bcd78d8fde59af67b"
  integrity sha512-Uzda1zIAXO8JG2fm6IbJcdzBrRaC5Q308HTIjCXCQHh7ZVACJOeQzYYvd99plJ2/HUpZQk9IxNI/Y+QrO6poIQ==

react@^19.0.0:
  version "19.0.0"
  resolved "https://registry.yarnpkg.com/react/-/react-19.0.0.tgz#6e1969251b9f108870aa4bff37a0ce9ddfaaabdd"
  integrity sha512-V8AVnmPIICiWpGfm6GLzCR/W5FXLchHop40W4nXBmdlEceh16rCN8O8LNWm5bh5XUX91fh7KpA+W0TgMKmgTpQ==
